
Microsoft Visual Studio Solution File, Format Version 12.00
# Visual Studio 15
VisualStudioVersion = 15.0.27703.2035
MinimumVisualStudioVersion = 10.0.40219.1
Project("{FAE04EC0-301F-11D3-BF4B-00C04F79EFBC}") = "MyUIToolBox", "MyUIToolBox\MyUIToolBox.csproj", "{F1D1454E-18D1-4398-A533-1338043DEBE3}"
EndProject
Global
	GlobalSection(SolutionConfigurationPlatforms) = preSolution
		Debug|Any CPU = Debug|Any CPU
		Release|Any CPU = Release|Any CPU
	EndGlobalSection
	GlobalSection(ProjectConfigurationPlatforms) = postSolution
		{F1D1454E-18D1-4398-A533-1338043DEBE3}.Debug|Any CPU.ActiveCfg = Debug|Any CPU
		{F1D1454E-18D1-4398-A533-1338043DEBE3}.Debug|Any CPU.Build.0 = Debug|Any CPU
		{F1D1454E-18D1-4398-A533-1338043DEBE3}.Release|Any CPU.ActiveCfg = Release|Any CPU
		{F1D1454E-18D1-4398-A533-1338043DEBE3}.Release|Any CPU.Build.0 = Release|Any CPU
	EndGlobalSection
	GlobalSection(SolutionProperties) = preSolution
		HideSolutionNode = FALSE
	EndGlobalSection
	GlobalSection(ExtensibilityGlobals) = postSolution
		SolutionGuid = {25D82B91-023E-4C42-8C61-F7CB3CE572B0}
	EndGlobalSection
EndGlobal
